
Microsoft Visual Studio Solution File, Format Version 12.00
# Visual Studio 2012
Project("{8BC9CEB8-8B4A-11D0-8D11-00A0C91BC942}") = "loz1", "loz1\loz1.vcxproj", "{CA0D257D-BCF9-478B-94CC-4A4A20FC7F16}"
EndProject
Global
	GlobalSection(SolutionConfigurationPlatforms) = preSolution
		Debug|Win32 = Debug|Win32
		Release|Win32 = Release|Win32
	EndGlobalSection
	GlobalSection(ProjectConfigurationPlatforms) = postSolution
		{CA0D257D-BCF9-478B-94CC-4A4A20FC7F16}.Debug|Win32.ActiveCfg = Debug|Win32
		{CA0D257D-BCF9-478B-94CC-4A4A20FC7F16}.Debug|Win32.Build.0 = Debug|Win32
		{CA0D257D-BCF9-478B-94CC-4A4A20FC7F16}.Release|Win32.ActiveCfg = Release|Win32
		{CA0D257D-BCF9-478B-94CC-4A4A20FC7F16}.Release|Win32.Build.0 = Release|Win32
	EndGlobalSection
	GlobalSection(SolutionProperties) = preSolution
		HideSolutionNode = FALSE
	EndGlobalSection
EndGlobal
